
Microsoft Visual Studio Solution File, Format Version 12.00
# Visual Studio Version 16
VisualStudioVersion = 16.0.31129.286
MinimumVisualStudioVersion = 10.0.40219.1
Project("{9A19103F-16F7-4668-BE54-9A1E7A4F7556}") = "WebApi", "WebApi\WebApi.csproj", "{E5ACCC5C-607A-46A9-99AF-17F6C59B3406}"
EndProject
Global
	GlobalSection(SolutionConfigurationPlatforms) = preSolution
		Debug|Any CPU = Debug|Any CPU
		Release|Any CPU = Release|Any CPU
	EndGlobalSection
	GlobalSection(ProjectConfigurationPlatforms) = postSolution
		{E5ACCC5C-607A-46A9-99AF-17F6C59B3406}.Debug|Any CPU.ActiveCfg = Debug|Any CPU
		{E5ACCC5C-607A-46A9-99AF-17F6C59B3406}.Debug|Any CPU.Build.0 = Debug|Any CPU
		{E5ACCC5C-607A-46A9-99AF-17F6C59B3406}.Release|Any CPU.ActiveCfg = Release|Any CPU
		{E5ACCC5C-607A-46A9-99AF-17F6C59B3406}.Release|Any CPU.Build.0 = Release|Any CPU
	EndGlobalSection
	GlobalSection(SolutionProperties) = preSolution
		HideSolutionNode = FALSE
	EndGlobalSection
	GlobalSection(ExtensibilityGlobals) = postSolution
		SolutionGuid = {3F326FBC-B228-49D9-9DF6-3CDBEE39733B}
	EndGlobalSection
EndGlobal
